Microsoft Visual Studio Solution File, Format Version 11.00
# Visual Studio 2008

Project("{573B404E-BCDD-D142-27F3-05E8DE7116F4}") = "SlidingAndBouncing", "Assembly-CSharp.csproj", "{1B8B1F87-B912-ED73-25B2-DFBCB2D017B4}"
EndProject
Global
	GlobalSection(SolutionConfigurationPlatforms) = preSolution
		Debug|Any CPU = Debug|Any CPU
		Release|Any CPU = Release|Any CPU
	EndGlobalSection
	GlobalSection(ProjectConfigurationPlatforms) = postSolution
		{1B8B1F87-B912-ED73-25B2-DFBCB2D017B4}.Debug|Any CPU.ActiveCfg = Debug|Any CPU
		{1B8B1F87-B912-ED73-25B2-DFBCB2D017B4}.Debug|Any CPU.Build.0 = Debug|Any CPU
		{1B8B1F87-B912-ED73-25B2-DFBCB2D017B4}.Release|Any CPU.ActiveCfg = Release|Any CPU
		{1B8B1F87-B912-ED73-25B2-DFBCB2D017B4}.Release|Any CPU.Build.0 = Release|Any CPU
	EndGlobalSection
	GlobalSection(SolutionProperties) = preSolution
		HideSolutionNode = FALSE
	EndGlobalSection
	GlobalSection(MonoDevelopProperties) = preSolution
		StartupItem = Assembly-CSharp.csproj
	EndGlobalSection
EndGlobal
